<?xml version="1.0" encoding="utf-8"?>
<Project ToolsVersion="4.0" xmlns="http://schemas.microsoft.com/developer/msbuild/2003">
  <ItemGroup>
    <Filter Include="Source Files">
      <UniqueIdentifier>{4FC737F1-C7A5-4376-A066-2A32D752A2FF}</UniqueIdentifier>
      <Extensions>cpp;c;cc;cxx;c++;cppm;ixx;def;odl;idl;hpj;bat;asm;asmx</Extensions>
    </Filter>
    <Filter Include="Header Files">
      <UniqueIdentifier>{93995380-89BD-4b04-88EB-625FBE52EBFB}</UniqueIdentifier>
      <Extensions>h;hh;hpp;hxx;h++;hm;inl;inc;ipp;xsd</Extensions>
    </Filter>
    <Filter Include="Resource Files">
      <UniqueIdentifier>{67DA6AB6-F800-4c08-8B7A-83BB121AAD01}</UniqueIdentifier>
      <Extensions>rc;ico;cur;bmp;dlg;rc2;rct;bin;rgs;gif;jpg;jpeg;jpe;resx;tiff;tif;png;wav;mfcribbon-ms</Extensions>
    </Filter>
  </ItemGroup>
  <ItemGroup>
    <ClCompile Include="src\mat.cpp">
      <Filter>Source Files</Filter>
    </ClCompile>
    <ClCompile Include="include\perf_measure.hpp">
      <Filter>Source Files</Filter>
    </ClCompile>
    <ClCompile Include="src\base_access.cc">
      <Filter>Source Files</Filter>
    </ClCompile>
    <ClCompile Include="src\assert_endpoint.cc">
      <Filter>Source Files</Filter>
    </ClCompile>
    <ClCompile Include="src\endpoint.cc">
      <Filter>Source Files</Filter>
    </ClCompile>
    <ClCompile Include="src\endpoint_tdd_all.hh">
      <Filter>Source Files</Filter>
    </ClCompile>
  </ItemGroup>
  <ItemGroup>
    <ClInclude Include="include\base_access.hpp">
      <Filter>Header Files</Filter>
    </ClInclude>
    <ClInclude Include="include\constinf.hpp">
      <Filter>Header Files</Filter>
    </ClInclude>
    <ClInclude Include="include\assert_endpoint.hpp">
      <Filter>Header Files</Filter>
    </ClInclude>
    <ClInclude Include="include\assertion.hpp">
      <Filter>Header Files</Filter>
    </ClInclude>
    <ClInclude Include="include\endpoint.hpp">
      <Filter>Header Files</Filter>
    </ClInclude>
  </ItemGroup>
  <ItemGroup>
    <None Include="script\base_access.py" />
    <None Include="script\constinf.py" />
    <None Include="script\json_interpreter.py" />
    <None Include="script\json_mocking.py" />
    <None Include="script\json_parser.py" />
    <None Include="script\mat.py" />
    <None Include="script\perf_mes.py" />
    <None Include=".gitattributes" />
    <None Include=".gitignore" />
    <None Include="README.md" />
    <None Include="x64\Debug\Mocking .564ed16c.tlog\CL.command.1.tlog" />
    <None Include="x64\Debug\Mocking .564ed16c.tlog\Cl.items.tlog" />
    <None Include="x64\Debug\Mocking .564ed16c.tlog\CL.read.1.tlog" />
    <None Include="x64\Debug\Mocking .564ed16c.tlog\CL.write.1.tlog" />
    <None Include="x64\Debug\Mocking .564ed16c.tlog\link.command.1.tlog" />
    <None Include="x64\Debug\Mocking .564ed16c.tlog\link.read.1.tlog" />
    <None Include="x64\Debug\Mocking .564ed16c.tlog\link.write.1.tlog" />
    <None Include="x64\Debug\Mocking .564ed16c.tlog\Mocking automation scirpt.lastbuildstate" />
    <None Include="x64\Debug\Mocking .564ed16c.tlog\Mocking automation script.lastbuildstate" />
    <None Include="x64\Debug\Mocking automation scirpt.exe.recipe" />
    <None Include="x64\Debug\Mocking automation scirpt.ilk" />
    <None Include="x64\Debug\Mocking automation scirpt.pdb" />
    <None Include="x64\Debug\Mocking automation script.exe" />
    <None Include="x64\Debug\Mocking automation script.exe.recipe" />
    <None Include="x64\Debug\Mocking automation script.ilk" />
    <None Include="x64\Debug\Mocking automation script.pdb" />
    <None Include="x64\Debug\vc143.idb" />
    <None Include="x64\Debug\vc143.pdb" />
  </ItemGroup>
  <ItemGroup>
    <Object Include="x64\Debug\mat.obj" />
    <Object Include="x64\Debug\perf_measure.obj" />
    <Object Include="x64\Debug\perf_mes.obj" />
  </ItemGroup>
  <ItemGroup>
    <Text Include="LICENSE.txt" />
    <Text Include="x64\Debug\Mocking automation scirpt.log" />
    <Text Include="x64\Debug\Mocking automation scirpt.vcxproj.FileListAbsolute.txt" />
    <Text Include="x64\Debug\vcpkg.applocal.log" />
  </ItemGroup>
</Project>